
Microsoft Visual Studio Solution File, Format Version 12.00
# Visual Studio Version 17
VisualStudioVersion = 17.13.35931.197
MinimumVisualStudioVersion = 10.0.40219.1
Project("{FAE04EC0-301F-11D3-BF4B-00C04F79EFBC}") = "MusicStreamingPrototype.API", "MusicStreamingPrototype.API\MusicStreamingPrototype.API.csproj", "{52E81734-6E38-47D3-9679-739EB65F8299}"
EndProject
Project("{FAE04EC0-301F-11D3-BF4B-00C04F79EFBC}") = "MusicStreamingPrototype.UI", "MusicStreamingPrototype.UI\MusicStreamingPrototype.UI.csproj", "{A02CAE8A-6F8E-46BE-A53F-252E3625DD91}"
EndProject
Project("{2150E333-8FDC-42A3-9474-1A3956D46DE8}") = "Çözüm Öğeleri", "Çözüm Öğeleri", "{AC80F682-3D55-C8F8-4895-A4A9EDD49434}"
EndProject
Global
	GlobalSection(SolutionConfigurationPlatforms) = preSolution
		Debug|Any CPU = Debug|Any CPU
		Release|Any CPU = Release|Any CPU
	EndGlobalSection
	GlobalSection(ProjectConfigurationPlatforms) = postSolution
		{52E81734-6E38-47D3-9679-739EB65F8299}.Debug|Any CPU.ActiveCfg = Debug|Any CPU
		{52E81734-6E38-47D3-9679-739EB65F8299}.Debug|Any CPU.Build.0 = Debug|Any CPU
		{52E81734-6E38-47D3-9679-739EB65F8299}.Release|Any CPU.ActiveCfg = Release|Any CPU
		{52E81734-6E38-47D3-9679-739EB65F8299}.Release|Any CPU.Build.0 = Release|Any CPU
		{A02CAE8A-6F8E-46BE-A53F-252E3625DD91}.Debug|Any CPU.ActiveCfg = Debug|Any CPU
		{A02CAE8A-6F8E-46BE-A53F-252E3625DD91}.Debug|Any CPU.Build.0 = Debug|Any CPU
		{A02CAE8A-6F8E-46BE-A53F-252E3625DD91}.Release|Any CPU.ActiveCfg = Release|Any CPU
		{A02CAE8A-6F8E-46BE-A53F-252E3625DD91}.Release|Any CPU.Build.0 = Release|Any CPU
	EndGlobalSection
	GlobalSection(SolutionProperties) = preSolution
		HideSolutionNode = FALSE
	EndGlobalSection
	GlobalSection(ExtensibilityGlobals) = postSolution
		SolutionGuid = {7AF735F3-CFAA-4054-AB2A-B86AF252CADE}
	EndGlobalSection
EndGlobal
